{
  "name": "test-pkg",
  "lockfileVersion": 2,
  "requires": true,
  "packages": {
    "": {
      "dependencies": {
        "tiny-guards": "file:.."
      }
    },
    "..": {
      "version": "3.0.0-alpha.0",
      "license": "MIT",
      "devDependencies": {
        "@babel/core": "7.24.0",
        "@babel/preset-env": "7.24.0",
        "@babel/preset-typescript": "7.23.3",
        "@changesets/changelog-github": "0.5.0",
        "@changesets/cli": "2.27.1",
        "@types/jest": "29.5.12",
        "@types/node": "^20.0.0",
        "@typescript-eslint/eslint-plugin": "7.2.0",
        "@typescript-eslint/parser": "7.2.0",
        "eslint": "8.57.0",
        "eslint-config-prettier": "9.1.0",
        "eslint-plugin-import": "2.29.1",
        "jest": "29.7.0",
        "lodash-es": "4.17.21",
        "prettier": "3.2.5",
        "typescript": "5.5.2"
      }
    },
    "../dist": {
      "name": "tiny-guards",
      "version": "2.0.1",
      "extraneous": true,
      "license": "MIT"
    },
    "node_modules/tiny-guards": {
      "resolved": "..",
      "link": true
    }
  },
  "dependencies": {
    "tiny-guards": {
      "version": "file:..",
      "requires": {
        "@babel/core": "7.24.0",
        "@babel/preset-env": "7.24.0",
        "@babel/preset-typescript": "7.23.3",
        "@changesets/changelog-github": "0.5.0",
        "@changesets/cli": "2.27.1",
        "@types/jest": "29.5.12",
        "@types/node": "^20.0.0",
        "@typescript-eslint/eslint-plugin": "7.2.0",
        "@typescript-eslint/parser": "7.2.0",
        "eslint": "8.57.0",
        "eslint-config-prettier": "9.1.0",
        "eslint-plugin-import": "2.29.1",
        "jest": "29.7.0",
        "lodash-es": "4.17.21",
        "prettier": "3.2.5",
        "typescript": "5.5.2"
      }
    }
  }
}
