{
  "name": "test-pkg",
  "lockfileVersion": 2,
  "requires": true,
  "packages": {
    "": {
      "dependencies": {
        "tiny-guards": "file:../dist"
      }
    },
    "../dist": {
      "version": "1.0.2",
      "license": "MIT"
    },
    "node_modules/tiny-guards": {
      "resolved": "../dist",
      "link": true
    }
  },
  "dependencies": {
    "tiny-guards": {
      "version": "file:../dist"
    }
  }
}
